
Microsoft Visual Studio Solution File, Format Version 12.00
# Visual Studio Version 17
VisualStudioVersion = 17.14.36616.10 d17.14
MinimumVisualStudioVersion = 10.0.40219.1
Project("{FAE04EC0-301F-11D3-BF4B-00C04F79EFBC}") = "ChatAIBackend", "ChatAIBackend\ChatAIBackend.csproj", "{2BFA4B02-3789-4D3E-B80E-FDF0A282031D}"
EndProject
Global
	GlobalSection(SolutionConfigurationPlatforms) = preSolution
		Debug|Any CPU = Debug|Any CPU
		Release|Any CPU = Release|Any CPU
	EndGlobalSection
	GlobalSection(ProjectConfigurationPlatforms) = postSolution
		{2BFA4B02-3789-4D3E-B80E-FDF0A282031D}.Debug|Any CPU.ActiveCfg = Debug|Any CPU
		{2BFA4B02-3789-4D3E-B80E-FDF0A282031D}.Debug|Any CPU.Build.0 = Debug|Any CPU
		{2BFA4B02-3789-4D3E-B80E-FDF0A282031D}.Release|Any CPU.ActiveCfg = Release|Any CPU
		{2BFA4B02-3789-4D3E-B80E-FDF0A282031D}.Release|Any CPU.Build.0 = Release|Any CPU
	EndGlobalSection
	GlobalSection(SolutionProperties) = preSolution
		HideSolutionNode = FALSE
	EndGlobalSection
	GlobalSection(ExtensibilityGlobals) = postSolution
		SolutionGuid = {6220FEF0-77A3-4688-8643-3037D3817BED}
	EndGlobalSection
EndGlobal
